{
    "_readme": [
        "This file locks the dependencies of your project to a known state",
        "Read more about it at https://getcomposer.org/doc/01-basic-usage.md#composer-lock-the-lock-file",
        "This file is @generated automatically"
    ],
    "hash": "b93476978a6f84724c846019d2390723",
    "content-hash": "d33baa4f508ae413d662181bfc7857c9",
    "packages": [
        {
            "name": "composer/ca-bundle",
            "version": "dev-master",
            "source": {
                "type": "git",
                "url": "https://github.com/composer/ca-bundle.git",
                "reference": "b17e6153cb7f33c7e44eb59578dc12eee5dc8e12"
            },
            "dist": {
                "type": "zip",
                "url": "https://api.github.com/repos/composer/ca-bundle/zipball/b17e6153cb7f33c7e44eb59578dc12eee5dc8e12",
                "reference": "b17e6153cb7f33c7e44eb59578dc12eee5dc8e12",
                "shasum": ""
            },
            "require": {
                "ext-openssl": "*",
                "ext-pcre": "*",
                "php": "^5.3.2 || ^7.0"
            },
            "require-dev": {
                "phpunit/phpunit": "^4.5",
                "psr/log": "^1.0",
                "symfony/process": "^2.5 || ^3.0"
            },
            "suggest": {
                "symfony/process": "This is necessary to reliably check whether openssl_x509_parse is vulnerable on older php versions, but can be ignored on PHP 5.5.6+"
            },
            "type": "library",
            "extra": {
                "branch-alias": {
                    "dev-master": "1.x-dev"
                }
            },
            "autoload": {
                "psr-4": {
                    "Composer\\CaBundle\\": "src"
                }
            },
            "notification-url": "https://packagist.org/downloads/",
            "license": [
                "MIT"
            ],
            "authors": [
                {
                    "name": "Jordi Boggiano",
                    "email": "j.boggiano@seld.be",
                    "homepage": "http://seld.be"
                }
            ],
            "description": "Lets you find a path to the system CA bundle, and includes a fallback to the Mozilla CA bundle.",
            "keywords": [
                "cabundle",
                "cacert",
                "certificate",
                "ssl",
                "tls"
            ],
            "time": "2017-03-06 11:59:08"
        },
        {
            "name": "curl/curl",
            "version": "1.6.1",
            "source": {
                "type": "git",
                "url": "https://github.com/php-mod/curl.git",
                "reference": "96f5bd47bab8d76f1883c257c6659091987ef662"
            },
            "dist": {
                "type": "zip",
                "url": "https://api.github.com/repos/php-mod/curl/zipball/96f5bd47bab8d76f1883c257c6659091987ef662",
                "reference": "96f5bd47bab8d76f1883c257c6659091987ef662",
                "shasum": ""
            },
            "require": {
                "ext-curl": "*",
                "php": ">=5.3.0"
            },
            "require-dev": {
                "phpunit/phpunit": "3.7.*",
                "squizlabs/php_codesniffer": "~2.1"
            },
            "type": "library",
            "autoload": {
                "psr-0": {
                    "Curl": "src/"
                }
            },
            "notification-url": "https://packagist.org/downloads/",
            "license": [
                "MIT"
            ],
            "authors": [
                {
                    "name": "Hassan Amouhzi",
                    "email": "hassan@anezi.net",
                    "homepage": "http://hassan.amouhzi.com"
                },
                {
                    "name": "php-curl-class",
                    "homepage": "https://github.com/php-curl-class"
                },
                {
                    "name": "user52",
                    "homepage": "https://github.com/user52"
                }
            ],
            "description": "cURL class for PHP",
            "homepage": "https://github.com/php-mod/curl",
            "keywords": [
                "curl",
                "dot"
            ],
            "time": "2017-04-03 15:04:35"
        },
        {
            "name": "doctrine/annotations",
            "version": "2.0.x-dev",
            "source": {
                "type": "git",
                "url": "https://github.com/doctrine/annotations.git",
                "reference": "07a9af2d4de5f9ef0bf2d9ae94421e5fc50d7859"
            },
            "dist": {
                "type": "zip",
                "url": "https://api.github.com/repos/doctrine/annotations/zipball/07a9af2d4de5f9ef0bf2d9ae94421e5fc50d7859",
                "reference": "07a9af2d4de5f9ef0bf2d9ae94421e5fc50d7859",
                "shasum": ""
            },
            "require": {
                "doctrine/lexer": "1.*",
                "php": ">=5.3.2"
            },
            "require-dev": {
                "doctrine/cache": "1.*",
                "phpunit/phpunit": "4.*"
            },
            "type": "library",
            "extra": {
                "branch-alias": {
                    "dev-master": "1.3.x-dev"
                }
            },
            "autoload": {
                "psr-0": {
                    "Doctrine\\Common\\Annotations\\": "lib/"
                }
            },
            "notification-url": "https://packagist.org/downloads/",
            "license": [
                "MIT"
            ],
            "authors": [
                {
                    "name": "Roman Borschel",
                    "email": "roman@code-factory.org"
                },
                {
                    "name": "Benjamin Eberlei",
                    "email": "kontakt@beberlei.de"
                },
                {
                    "name": "Guilherme Blanco",
                    "email": "guilhermeblanco@gmail.com"
                },
                {
                    "name": "Jonathan Wage",
                    "email": "jonwage@gmail.com"
                },
                {
                    "name": "Johannes Schmitt",
                    "email": "schmittjoh@gmail.com"
                }
            ],
            "description": "Docblock Annotations Parser",
            "homepage": "http://www.doctrine-project.org",
            "keywords": [
                "annotations",
                "docblock",
                "parser"
            ],
            "time": "2016-02-26 09:54:41"
        },
        {
            "name": "doctrine/lexer",
            "version": "dev-master",
            "source": {
                "type": "git",
                "url": "https://github.com/doctrine/lexer.git",
                "reference": "cc709ba91eee09540091ad5a5f2616727662e41b"
            },
            "dist": {
                "type": "zip",
                "url": "https://api.github.com/repos/doctrine/lexer/zipball/cc709ba91eee09540091ad5a5f2616727662e41b",
                "reference": "cc709ba91eee09540091ad5a5f2616727662e41b",
                "shasum": ""
            },
            "require": {
                "php": ">=5.3.2"
            },
            "type": "library",
            "extra": {
                "branch-alias": {
                    "dev-master": "1.0.x-dev"
                }
            },
            "autoload": {
                "psr-4": {
                    "Doctrine\\Common\\Lexer\\": "lib/Doctrine/Common/Lexer"
                }
            },
            "notification-url": "https://packagist.org/downloads/",
            "license": [
                "MIT"
            ],
            "authors": [
                {
                    "name": "Roman Borschel",
                    "email": "roman@code-factory.org"
                },
                {
                    "name": "Guilherme Blanco",
                    "email": "guilhermeblanco@gmail.com"
                },
                {
                    "name": "Johannes Schmitt",
                    "email": "schmittjoh@gmail.com"
                }
            ],
            "description": "Base library for a lexer that can be used in Top-Down, Recursive Descent Parsers.",
            "homepage": "http://www.doctrine-project.org",
            "keywords": [
                "lexer",
                "parser"
            ],
            "time": "2017-07-24 09:37:08"
        },
        {
            "name": "firephp/firephp-core",
            "version": "dev-master",
            "source": {
                "type": "git",
                "url": "https://github.com/firephp/firephp-core.git",
                "reference": "b58e48ef2b6ab2d8fbe6d9aa585652d3e75486bd"
            },
            "dist": {
                "type": "zip",
                "url": "https://api.github.com/repos/firephp/firephp-core/zipball/b58e48ef2b6ab2d8fbe6d9aa585652d3e75486bd",
                "reference": "b58e48ef2b6ab2d8fbe6d9aa585652d3e75486bd",
                "shasum": ""
            },
            "type": "library",
            "autoload": {
                "classmap": [
                    "lib/FirePHPCore/FirePHP.class.php",
                    "lib/FirePHPCore/fb.php"
                ],
                "files": [
                    "lib/FirePHPCore/fb.php"
                ]
            },
            "notification-url": "https://packagist.org/downloads/",
            "license": [
                "MIT"
            ],
            "authors": [
                {
                    "name": "Christoph Dorn",
                    "email": "christoph@christophdorn.com",
                    "homepage": "http://christophdorn.com"
                }
            ],
            "description": "Traditional FirePHPCore library for sending PHP variables to the browser.",
            "homepage": "https://github.com/firephp/firephp-core",
            "time": "2015-08-02 19:57:10"
        },
        {
            "name": "gismo/expression-language",
            "version": "dev-master",
            "source": {
                "type": "git",
                "url": "https://github.com/gismo-framework/ExpressionLanguage.git",
                "reference": "a6b57cf05091ac71dbe335c306dd42dd50c233b6"
            },
            "dist": {
                "type": "zip",
                "url": "https://api.github.com/repos/gismo-framework/ExpressionLanguage/zipball/a6b57cf05091ac71dbe335c306dd42dd50c233b6",
                "reference": "a6b57cf05091ac71dbe335c306dd42dd50c233b6",
                "shasum": ""
            },
            "require": {
                "php": ">=5.5.9"
            },
            "type": "library",
            "extra": {
                "branch-alias": {
                    "dev-master": "3.2-dev"
                }
            },
            "autoload": {
                "psr-4": {
                    "Gismo\\Component\\ExpressionLanguage\\": ""
                },
                "exclude-from-classmap": [
                    "/Tests/"
                ]
            },
            "notification-url": "https://packagist.org/downloads/",
            "license": [
                "MIT"
            ],
            "authors": [
                {
                    "name": "Fabien Potencier",
                    "email": "fabien@symfony.com"
                },
                {
                    "name": "Symfony Community",
                    "homepage": "https://symfony.com/contributors"
                }
            ],
            "description": "Gismo ExpressionLanguage Component",
            "homepage": "https://symfony.com",
            "time": "2016-11-24 14:37:44"
        },
        {
            "name": "gismo/gismo",
            "version": "dev-master",
            "source": {
                "type": "git",
                "url": "https://github.com/gismo-framework/gismo.git",
                "reference": "388ab58f41f718768ddcc8c7fd7c5688b934ecf5"
            },
            "dist": {
                "type": "zip",
                "url": "https://api.github.com/repos/gismo-framework/gismo/zipball/388ab58f41f718768ddcc8c7fd7c5688b934ecf5",
                "reference": "388ab58f41f718768ddcc8c7fd7c5688b934ecf5",
                "shasum": ""
            },
            "require": {
                "firephp/firephp-core": "*",
                "html5/fhtml": "*",
                "html5/template": "^1.1",
                "leafo/scssphp": "0.6.5",
                "oyejorge/less.php": "~1.7.0.10",
                "phore/annotations": "*",
                "phore/di-base": "*",
                "php": ">=7.0",
                "psr/cache": "~1.0",
                "symfony/yaml": "^3.1"
            },
            "type": "library",
            "autoload": {
                "psr-4": {
                    "Gismo\\Component\\Application\\": "src/application/src/Application",
                    "Gismo\\Test\\Component\\Application\\": "test",
                    "Gismo\\Component\\Di\\": "src/di/src/Di",
                    "Gismo\\Component\\HttpFoundation\\": "src/http-foundation/src/HttpFoundation",
                    "Gismo\\Component\\Partial\\": "src/partial/src/Partial",
                    "Gismo\\Component\\PhpFoundation\\": "src/php-foundation/src/PhpFoundation",
                    "Gismo\\Component\\Plugin\\": "src/plugin/src/Plugin",
                    "Gismo\\Component\\DevTools\\": "src/dev-tools/src/DevTools",
                    "Gismo\\Component\\Route\\": "src/route/src/Route",
                    "Gismo\\Component\\Logging\\": "src/logging/src/Logging",
                    "Gismo\\Component\\Api\\": "src/api/src/Api",
                    "Gismo\\Component\\Config\\": "src/config/src/Config",
                    "Gismo\\Component\\ApplicationDevTools\\": "src/applicationDevTools/src/ApplicationDevTools",
                    "Gismo\\Component\\Cache\\": "src/cache/src/Cache",
                    "Gismo\\Component\\Annotation\\": "src/annotation/src/Annotation",
                    "Gismo\\Component\\JsBridge\\": "src/js-bridge/src/JsBridge"
                },
                "files": [
                    "src/php-foundation/src/functions.inc.php"
                ],
                "exclude-from-classmap": [
                    "/test/"
                ]
            },
            "notification-url": "https://packagist.org/downloads/",
            "license": [
                "MIT"
            ],
            "authors": [
                {
                    "name": "Matthias Leuffen",
                    "email": "matthes@leuffen.de"
                }
            ],
            "description": "Gismo All in one",
            "homepage": "https://getgismo.com",
            "keywords": [
                "Gismo",
                "framework"
            ],
            "time": "2017-07-24 17:45:03"
        },
        {
            "name": "html5/fhtml",
            "version": "dev-master",
            "source": {
                "type": "git",
                "url": "https://github.com/dermatthes/FHtml.git",
                "reference": "6959299b5c3c768760477805c316e38893d05c80"
            },
            "dist": {
                "type": "zip",
                "url": "https://api.github.com/repos/dermatthes/FHtml/zipball/6959299b5c3c768760477805c316e38893d05c80",
                "reference": "6959299b5c3c768760477805c316e38893d05c80",
                "shasum": ""
            },
            "require": {
                "html5/template": "*",
                "php": ">=7.0"
            },
            "type": "library",
            "extra": {
                "branch-alias": {
                    "dev-master": "0.1-dev"
                }
            },
            "autoload": {
                "psr-4": {
                    "Html5\\FHtml\\": "src/FHtml"
                },
                "files": [
                    "src/fhtml.inc.php"
                ],
                "exclude-from-classmap": [
                    "/test/"
                ]
            },
            "notification-url": "https://packagist.org/downloads/",
            "license": [
                "MIT"
            ],
            "authors": [
                {
                    "name": "Matthias Leuffen",
                    "email": "matthes@leuffen.de",
                    "homepage": "http://leuffen.de"
                }
            ],
            "description": "FHtml Fluent HTML writing",
            "homepage": "http://leuffen.de",
            "keywords": [
                "HTML5",
                "fluent",
                "template"
            ],
            "time": "2016-08-22 23:54:21"
        },
        {
            "name": "html5/htmlreader",
            "version": "1.1.0",
            "source": {
                "type": "git",
                "url": "https://github.com/dermatthes/HTMLReader.git",
                "reference": "906bcfd1676b1d5cbb99e8401dd636cce790a45f"
            },
            "dist": {
                "type": "zip",
                "url": "https://api.github.com/repos/dermatthes/HTMLReader/zipball/906bcfd1676b1d5cbb99e8401dd636cce790a45f",
                "reference": "906bcfd1676b1d5cbb99e8401dd636cce790a45f",
                "shasum": ""
            },
            "require": {
                "php": ">=7.0"
            },
            "type": "library",
            "extra": {
                "branch-alias": {
                    "dev-master": "0.1-dev"
                }
            },
            "autoload": {
                "psr-4": {
                    "HTML5\\": "src/HTML5"
                },
                "exclude-from-classmap": [
                    "/test/"
                ]
            },
            "notification-url": "https://packagist.org/downloads/",
            "license": [
                "MIT"
            ],
            "authors": [
                {
                    "name": "Matthias Leuffen",
                    "email": "matthes@leuffen.de",
                    "homepage": "http://leuffen.de"
                }
            ],
            "description": "Html5 stream tokenizer/reader (not using libxml)",
            "homepage": "http://leuffen.de",
            "keywords": [
                "HTML5",
                "html",
                "parsing",
                "tokenizer"
            ],
            "time": "2017-07-20 08:00:15"
        },
        {
            "name": "html5/template",
            "version": "1.1.0",
            "source": {
                "type": "git",
                "url": "https://github.com/dermatthes/html-template.git",
                "reference": "e750dc7520208b4510c742c8f00de3cdbf25a241"
            },
            "dist": {
                "type": "zip",
                "url": "https://api.github.com/repos/dermatthes/html-template/zipball/e750dc7520208b4510c742c8f00de3cdbf25a241",
                "reference": "e750dc7520208b4510c742c8f00de3cdbf25a241",
                "shasum": ""
            },
            "require": {
                "gismo/expression-language": "^3.1",
                "html5/htmlreader": "^1.1",
                "php": ">=7.0",
                "symfony/yaml": "*"
            },
            "require-dev": {
                "phpunit/phpunit": "^6.2"
            },
            "type": "library",
            "autoload": {
                "psr-4": {
                    "Html5\\Template\\": "src/Template"
                },
                "exclude-from-classmap": [
                    "/test/"
                ]
            },
            "notification-url": "https://packagist.org/downloads/",
            "license": [
                "MIT"
            ],
            "authors": [
                {
                    "name": "Matthias Leuffen",
                    "email": "matthes@leuffen.de",
                    "homepage": "http://leuffen.de"
                }
            ],
            "description": "Inline Templating component",
            "homepage": "http://leuffen.de",
            "keywords": [
                "HTML5",
                "html",
                "template"
            ],
            "time": "2017-07-20 10:50:27"
        },
        {
            "name": "joomla/github",
            "version": "dev-master",
            "source": {
                "type": "git",
                "url": "https://github.com/joomla-framework/github-api.git",
                "reference": "a79eaaf8f20ad4681076803f0b6c14beb405aa3d"
            },
            "dist": {
                "type": "zip",
                "url": "https://api.github.com/repos/joomla-framework/github-api/zipball/a79eaaf8f20ad4681076803f0b6c14beb405aa3d",
                "reference": "a79eaaf8f20ad4681076803f0b6c14beb405aa3d",
                "shasum": ""
            },
            "require": {
                "joomla/http": "^1.2.2|~2.0",
                "joomla/registry": "^1.4.5|~2.0",
                "joomla/uri": "~1.0|~2.0",
                "php": "^5.3.10|~7.0"
            },
            "require-dev": {
                "phpunit/phpunit": "^4.8.35|^5.4.3|~6.0",
                "squizlabs/php_codesniffer": "1.*"
            },
            "type": "joomla-package",
            "extra": {
                "branch-alias": {
                    "dev-master": "1.x-dev"
                }
            },
            "autoload": {
                "psr-4": {
                    "Joomla\\Github\\": "src/"
                }
            },
            "notification-url": "https://packagist.org/downloads/",
            "license": [
                "GPL-2.0+"
            ],
            "description": "Joomla Github Package",
            "homepage": "https://github.com/joomla-framework/github-api",
            "keywords": [
                "framework",
                "github",
                "joomla"
            ],
            "time": "2017-06-24 16:43:39"
        },
        {
            "name": "joomla/http",
            "version": "dev-2.0-dev",
            "source": {
                "type": "git",
                "url": "https://github.com/joomla-framework/http.git",
                "reference": "23f95a07c79c9862479df26999051274c116d6b7"
            },
            "dist": {
                "type": "zip",
                "url": "https://api.github.com/repos/joomla-framework/http/zipball/23f95a07c79c9862479df26999051274c116d6b7",
                "reference": "23f95a07c79c9862479df26999051274c116d6b7",
                "shasum": ""
            },
            "require": {
                "composer/ca-bundle": "~1.0",
                "joomla/uri": "~1.0|~2.0",
                "php": "^5.5.9|~7.0",
                "psr/http-message": "~1.0",
                "zendframework/zend-diactoros": "~1.1"
            },
            "require-dev": {
                "joomla/test": "~1.0",
                "phpunit/phpunit": "^4.8.35|^5.4.3|~6.0",
                "squizlabs/php_codesniffer": "1.*"
            },
            "suggest": {
                "ext-curl": "To use cURL for HTTP connections"
            },
            "type": "joomla-package",
            "extra": {
                "branch-alias": {
                    "dev-2.0-dev": "2.0-dev"
                }
            },
            "autoload": {
                "psr-4": {
                    "Joomla\\Http\\": "src/"
                }
            },
            "notification-url": "https://packagist.org/downloads/",
            "license": [
                "GPL-2.0+"
            ],
            "description": "Joomla HTTP Package",
            "homepage": "https://github.com/joomla-framework/http",
            "keywords": [
                "framework",
                "http",
                "joomla"
            ],
            "time": "2017-05-27 00:57:17"
        },
        {
            "name": "joomla/registry",
            "version": "dev-2.0-dev",
            "source": {
                "type": "git",
                "url": "https://github.com/joomla-framework/registry.git",
                "reference": "832706d39c902e09c5a16c0156ecd47277b00706"
            },
            "dist": {
                "type": "zip",
                "url": "https://api.github.com/repos/joomla-framework/registry/zipball/832706d39c902e09c5a16c0156ecd47277b00706",
                "reference": "832706d39c902e09c5a16c0156ecd47277b00706",
                "shasum": ""
            },
            "require": {
                "joomla/utilities": "^1.4.1|~2.0",
                "php": "^5.5.9|~7.0"
            },
            "require-dev": {
                "phpunit/phpunit": "^4.8.35|^5.4.3|~6.0",
                "squizlabs/php_codesniffer": "1.*",
                "symfony/yaml": "~2.7|~3.0|~4.0"
            },
            "suggest": {
                "symfony/yaml": "Install symfony/yaml if you require YAML support."
            },
            "type": "joomla-package",
            "extra": {
                "branch-alias": {
                    "dev-2.0-dev": "2.0-dev"
                }
            },
            "autoload": {
                "psr-4": {
                    "Joomla\\Registry\\": "src/"
                }
            },
            "notification-url": "https://packagist.org/downloads/",
            "license": [
                "GPL-2.0+"
            ],
            "description": "Joomla Registry Package",
            "homepage": "https://github.com/joomla-framework/registry",
            "keywords": [
                "framework",
                "joomla",
                "registry"
            ],
            "time": "2017-07-09 14:44:16"
        },
        {
            "name": "joomla/string",
            "version": "dev-2.0-dev",
            "source": {
                "type": "git",
                "url": "https://github.com/joomla-framework/string.git",
                "reference": "7515dfa0e0c74bede514615f7ea73c1fbc504abc"
            },
            "dist": {
                "type": "zip",
                "url": "https://api.github.com/repos/joomla-framework/string/zipball/7515dfa0e0c74bede514615f7ea73c1fbc504abc",
                "reference": "7515dfa0e0c74bede514615f7ea73c1fbc504abc",
                "shasum": ""
            },
            "require": {
                "php": "^5.5.9|~7.0"
            },
            "require-dev": {
                "joomla/test": "~1.0",
                "phpunit/phpunit": "^4.8.35|^5.4.3|~6.0",
                "squizlabs/php_codesniffer": "1.*"
            },
            "suggest": {
                "ext-mbstring": "For improved processing"
            },
            "type": "joomla-package",
            "extra": {
                "branch-alias": {
                    "dev-2.0-dev": "2.0-dev"
                }
            },
            "autoload": {
                "psr-4": {
                    "Joomla\\String\\": "src/"
                },
                "files": [
                    "src/phputf8/utf8.php",
                    "src/phputf8/ord.php",
                    "src/phputf8/str_ireplace.php",
                    "src/phputf8/str_pad.php",
                    "src/phputf8/str_split.php",
                    "src/phputf8/strcasecmp.php",
                    "src/phputf8/strcspn.php",
                    "src/phputf8/stristr.php",
                    "src/phputf8/strrev.php",
                    "src/phputf8/strspn.php",
                    "src/phputf8/trim.php",
                    "src/phputf8/ucfirst.php",
                    "src/phputf8/ucwords.php",
                    "src/phputf8/utils/ascii.php",
                    "src/phputf8/utils/validation.php"
                ]
            },
            "notification-url": "https://packagist.org/downloads/",
            "license": [
                "GPL-2.0+"
            ],
            "description": "Joomla String Package",
            "homepage": "https://github.com/joomla-framework/string",
            "keywords": [
                "framework",
                "joomla",
                "string"
            ],
            "time": "2017-05-27 01:21:05"
        },
        {
            "name": "joomla/uri",
            "version": "dev-2.0-dev",
            "source": {
                "type": "git",
                "url": "https://github.com/joomla-framework/uri.git",
                "reference": "0bb88f26235254a6e70a02b0e4c50fafd7379019"
            },
            "dist": {
                "type": "zip",
                "url": "https://api.github.com/repos/joomla-framework/uri/zipball/0bb88f26235254a6e70a02b0e4c50fafd7379019",
                "reference": "0bb88f26235254a6e70a02b0e4c50fafd7379019",
                "shasum": ""
            },
            "require": {
                "php": "^5.5.9|~7.0"
            },
            "require-dev": {
                "joomla/test": "~1.0",
                "phpunit/phpunit": "^4.8.35|^5.4.3|~6.0",
                "squizlabs/php_codesniffer": "1.*"
            },
            "type": "joomla-package",
            "extra": {
                "branch-alias": {
                    "dev-2.0-dev": "2.0-dev"
                }
            },
            "autoload": {
                "psr-4": {
                    "Joomla\\Uri\\": "src/"
                }
            },
            "notification-url": "https://packagist.org/downloads/",
            "license": [
                "GPL-2.0+"
            ],
            "description": "Joomla Uri Package",
            "homepage": "https://github.com/joomla-framework/uri",
            "keywords": [
                "framework",
                "joomla",
                "uri"
            ],
            "time": "2017-06-28 23:33:08"
        },
        {
            "name": "joomla/utilities",
            "version": "dev-2.0-dev",
            "source": {
                "type": "git",
                "url": "https://github.com/joomla-framework/utilities.git",
                "reference": "05c3784a757b20622a1870dde78aa99c0d29c2b2"
            },
            "dist": {
                "type": "zip",
                "url": "https://api.github.com/repos/joomla-framework/utilities/zipball/05c3784a757b20622a1870dde78aa99c0d29c2b2",
                "reference": "05c3784a757b20622a1870dde78aa99c0d29c2b2",
                "shasum": ""
            },
            "require": {
                "joomla/string": "~1.3|~2.0",
                "php": "^5.5.9|~7.0"
            },
            "require-dev": {
                "phpunit/phpunit": "^4.8.35|^5.4.3|~6.0",
                "squizlabs/php_codesniffer": "1.*"
            },
            "type": "joomla-package",
            "extra": {
                "branch-alias": {
                    "dev-2.0-dev": "2.0-dev"
                }
            },
            "autoload": {
                "psr-4": {
                    "Joomla\\Utilities\\": "src/"
                }
            },
            "notification-url": "https://packagist.org/downloads/",
            "license": [
                "GPL-2.0+"
            ],
            "description": "Joomla Utilities Package",
            "homepage": "https://github.com/joomla-framework/utilities",
            "keywords": [
                "framework",
                "joomla",
                "utilities"
            ],
            "time": "2017-05-27 01:23:18"
        },
        {
            "name": "leafo/scssphp",
            "version": "v0.6.5",
            "source": {
                "type": "git",
                "url": "https://github.com/leafo/scssphp.git",
                "reference": "0649d38dfef6808be1a89040a3312e8bda0b3aed"
            },
            "dist": {
                "type": "zip",
                "url": "https://api.github.com/repos/leafo/scssphp/zipball/0649d38dfef6808be1a89040a3312e8bda0b3aed",
                "reference": "0649d38dfef6808be1a89040a3312e8bda0b3aed",
                "shasum": ""
            },
            "require": {
                "php": ">=5.4.0"
            },
            "require-dev": {
                "kherge/box": "~2.5",
                "phpunit/phpunit": "~3.7",
                "squizlabs/php_codesniffer": "~2.5"
            },
            "bin": [
                "bin/pscss"
            ],
            "type": "library",
            "autoload": {
                "psr-4": {
                    "Leafo\\ScssPhp\\": "src/"
                }
            },
            "notification-url": "https://packagist.org/downloads/",
            "license": [
                "MIT"
            ],
            "authors": [
                {
                    "name": "Leaf Corcoran",
                    "email": "leafot@gmail.com",
                    "homepage": "http://leafo.net"
                }
            ],
            "description": "scssphp is a compiler for SCSS written in PHP.",
            "homepage": "http://leafo.github.io/scssphp/",
            "keywords": [
                "css",
                "less",
                "sass",
                "scss",
                "stylesheet"
            ],
            "time": "2016-06-20 15:25:08"
        },
        {
            "name": "oyejorge/less.php",
            "version": "v1.7.0.14",
            "source": {
                "type": "git",
                "url": "https://github.com/oyejorge/less.php.git",
                "reference": "42925c5a01a07d67ca7e82dfc8fb31814d557bc9"
            },
            "dist": {
                "type": "zip",
                "url": "https://api.github.com/repos/oyejorge/less.php/zipball/42925c5a01a07d67ca7e82dfc8fb31814d557bc9",
                "reference": "42925c5a01a07d67ca7e82dfc8fb31814d557bc9",
                "shasum": ""
            },
            "require": {
                "php": ">=5.3"
            },
            "require-dev": {
                "phpunit/phpunit": "~4.8.24"
            },
            "bin": [
                "bin/lessc"
            ],
            "type": "library",
            "autoload": {
                "psr-0": {
                    "Less": "lib/"
                },
                "classmap": [
                    "lessc.inc.php"
                ]
            },
            "notification-url": "https://packagist.org/downloads/",
            "license": [
                "Apache-2.0"
            ],
            "authors": [
                {
                    "name": "Matt Agar",
                    "homepage": "https://github.com/agar"
                },
                {
                    "name": "Martin Jantošovič",
                    "homepage": "https://github.com/Mordred"
                },
                {
                    "name": "Josh Schmidt",
                    "homepage": "https://github.com/oyejorge"
                }
            ],
            "description": "PHP port of the Javascript version of LESS http://lesscss.org (Originally maintained by Josh Schmidt)",
            "homepage": "http://lessphp.gpeasy.com",
            "keywords": [
                "css",
                "less",
                "less.js",
                "lesscss",
                "php",
                "stylesheet"
            ],
            "time": "2017-03-28 22:19:25"
        },
        {
            "name": "phore/annotations",
            "version": "dev-master",
            "source": {
                "type": "git",
                "url": "https://github.com/phore/phore-annotations.git",
                "reference": "85f2c51b6033d85c44659d952272b14080dda01e"
            },
            "dist": {
                "type": "zip",
                "url": "https://api.github.com/repos/phore/phore-annotations/zipball/85f2c51b6033d85c44659d952272b14080dda01e",
                "reference": "85f2c51b6033d85c44659d952272b14080dda01e",
                "shasum": ""
            },
            "require": {
                "doctrine/annotations": "*",
                "php": ">=7.0"
            },
            "type": "library",
            "extra": {
                "branch-alias": {
                    "dev-master": "0.1-dev"
                }
            },
            "autoload": {
                "psr-4": {
                    "Phore\\Annotations\\": "src/Annotations"
                }
            },
            "notification-url": "https://packagist.org/downloads/",
            "license": [
                "MIT"
            ],
            "authors": [
                {
                    "name": "Matthias Leuffen",
                    "email": "matthes@leuffen.de"
                }
            ],
            "description": "Phore Annotations Abstraction",
            "homepage": "https://getgismo.com",
            "keywords": [
                "Phore",
                "annotations"
            ],
            "time": "2016-12-01 12:57:53"
        },
        {
            "name": "phore/di-base",
            "version": "dev-master",
            "source": {
                "type": "git",
                "url": "https://github.com/phore/phore-di-base.git",
                "reference": "a31ac77aa49703985323828abb53d28a63a58fe7"
            },
            "dist": {
                "type": "zip",
                "url": "https://api.github.com/repos/phore/phore-di-base/zipball/a31ac77aa49703985323828abb53d28a63a58fe7",
                "reference": "a31ac77aa49703985323828abb53d28a63a58fe7",
                "shasum": ""
            },
            "require": {
                "php": ">=7.0"
            },
            "require-dev": {
                "phpunit/phpunit": "*"
            },
            "type": "library",
            "extra": {
                "branch-alias": {
                    "dev-master": "0.1-dev"
                }
            },
            "autoload": {
                "psr-4": {
                    "Phore\\Di\\": "src/Di"
                }
            },
            "notification-url": "https://packagist.org/downloads/",
            "license": [
                "MIT"
            ],
            "authors": [
                {
                    "name": "Matthias Leuffen",
                    "email": "matthes@leuffen.de"
                }
            ],
            "description": "Dependency Injection Base Classes and Interfaces",
            "homepage": "https://getgismo.com",
            "keywords": [
                "Phore",
                "dependency injection",
                "di"
            ],
            "time": "2016-12-02 16:41:07"
        },
        {
            "name": "psr/cache",
            "version": "dev-master",
            "source": {
                "type": "git",
                "url": "https://github.com/php-fig/cache.git",
                "reference": "78c5a01ddbf11cf731f1338a4f5aba23b14d5b47"
            },
            "dist": {
                "type": "zip",
                "url": "https://api.github.com/repos/php-fig/cache/zipball/78c5a01ddbf11cf731f1338a4f5aba23b14d5b47",
                "reference": "78c5a01ddbf11cf731f1338a4f5aba23b14d5b47",
                "shasum": ""
            },
            "require": {
                "php": ">=5.3.0"
            },
            "type": "library",
            "extra": {
                "branch-alias": {
                    "dev-master": "1.0.x-dev"
                }
            },
            "autoload": {
                "psr-4": {
                    "Psr\\Cache\\": "src/"
                }
            },
            "notification-url": "https://packagist.org/downloads/",
            "license": [
                "MIT"
            ],
            "authors": [
                {
                    "name": "PHP-FIG",
                    "homepage": "http://www.php-fig.org/"
                }
            ],
            "description": "Common interface for caching libraries",
            "keywords": [
                "cache",
                "psr",
                "psr-6"
            ],
            "time": "2016-10-13 14:48:10"
        },
        {
            "name": "psr/http-message",
            "version": "dev-master",
            "source": {
                "type": "git",
                "url": "https://github.com/php-fig/http-message.git",
                "reference": "f6561bf28d520154e4b0ec72be95418abe6d9363"
            },
            "dist": {
                "type": "zip",
                "url": "https://api.github.com/repos/php-fig/http-message/zipball/f6561bf28d520154e4b0ec72be95418abe6d9363",
                "reference": "f6561bf28d520154e4b0ec72be95418abe6d9363",
                "shasum": ""
            },
            "require": {
                "php": ">=5.3.0"
            },
            "type": "library",
            "extra": {
                "branch-alias": {
                    "dev-master": "1.0.x-dev"
                }
            },
            "autoload": {
                "psr-4": {
                    "Psr\\Http\\Message\\": "src/"
                }
            },
            "notification-url": "https://packagist.org/downloads/",
            "license": [
                "MIT"
            ],
            "authors": [
                {
                    "name": "PHP-FIG",
                    "homepage": "http://www.php-fig.org/"
                }
            ],
            "description": "Common interface for HTTP messages",
            "homepage": "https://github.com/php-fig/http-message",
            "keywords": [
                "http",
                "http-message",
                "psr",
                "psr-7",
                "request",
                "response"
            ],
            "time": "2016-08-06 14:39:51"
        },
        {
            "name": "symfony/yaml",
            "version": "3.4.x-dev",
            "source": {
                "type": "git",
                "url": "https://github.com/symfony/yaml.git",
                "reference": "519fb0872bb41e0f0c221ead8945eb12197bb034"
            },
            "dist": {
                "type": "zip",
                "url": "https://api.github.com/repos/symfony/yaml/zipball/519fb0872bb41e0f0c221ead8945eb12197bb034",
                "reference": "519fb0872bb41e0f0c221ead8945eb12197bb034",
                "shasum": ""
            },
            "require": {
                "php": ">=5.5.9"
            },
            "require-dev": {
                "symfony/console": "~2.8|~3.0|~4.0"
            },
            "suggest": {
                "symfony/console": "For validating YAML files using the lint command"
            },
            "type": "library",
            "extra": {
                "branch-alias": {
                    "dev-master": "3.4-dev"
                }
            },
            "autoload": {
                "psr-4": {
                    "Symfony\\Component\\Yaml\\": ""
                },
                "exclude-from-classmap": [
                    "/Tests/"
                ]
            },
            "notification-url": "https://packagist.org/downloads/",
            "license": [
                "MIT"
            ],
            "authors": [
                {
                    "name": "Fabien Potencier",
                    "email": "fabien@symfony.com"
                },
                {
                    "name": "Symfony Community",
                    "homepage": "https://symfony.com/contributors"
                }
            ],
            "description": "Symfony Yaml Component",
            "homepage": "https://symfony.com",
            "time": "2017-07-03 10:20:17"
        },
        {
            "name": "yaml/eyaml",
            "version": "v1.2.2",
            "source": {
                "type": "git",
                "url": "https://github.com/dermatthes/EYAML.git",
                "reference": "b0b34b91b0db66cc060bcbe1ae9a3f83e2e4920d"
            },
            "dist": {
                "type": "zip",
                "url": "https://api.github.com/repos/dermatthes/EYAML/zipball/b0b34b91b0db66cc060bcbe1ae9a3f83e2e4920d",
                "reference": "b0b34b91b0db66cc060bcbe1ae9a3f83e2e4920d",
                "shasum": ""
            },
            "require": {
                "php": ">=7.0",
                "symfony/yaml": "*"
            },
            "require-dev": {
                "nette/tester": "^1.7"
            },
            "type": "library",
            "autoload": {
                "psr-4": {
                    "EYAML\\": "src/"
                }
            },
            "notification-url": "https://packagist.org/downloads/",
            "license": [
                "Proprietary"
            ],
            "authors": [
                {
                    "name": "Matthias Leuffen",
                    "email": "matthes@leuffen.de"
                }
            ],
            "description": "Yaml with expressions parser (callbacks)",
            "homepage": "http://github.com/dermatthes/EYAML",
            "keywords": [
                "framework",
                "php",
                "yaml"
            ],
            "time": "2017-07-25 08:49:51"
        },
        {
            "name": "zendframework/zend-diactoros",
            "version": "dev-develop",
            "source": {
                "type": "git",
                "url": "https://github.com/zendframework/zend-diactoros.git",
                "reference": "aadde8887e33fc19d4ee201b8fdb53c18c1d3598"
            },
            "dist": {
                "type": "zip",
                "url": "https://api.github.com/repos/zendframework/zend-diactoros/zipball/aadde8887e33fc19d4ee201b8fdb53c18c1d3598",
                "reference": "aadde8887e33fc19d4ee201b8fdb53c18c1d3598",
                "shasum": ""
            },
            "require": {
                "php": "^5.4 || ^7.0",
                "psr/http-message": "~1.0"
            },
            "provide": {
                "psr/http-message-implementation": "1.0"
            },
            "require-dev": {
                "ext-dom": "*",
                "ext-libxml": "*",
                "phpunit/phpunit": "^4.6 || ^5.5",
                "zendframework/zend-coding-standard": "~1.0.0"
            },
            "type": "library",
            "extra": {
                "branch-alias": {
                    "dev-master": "1.4-dev",
                    "dev-develop": "1.5-dev"
                }
            },
            "autoload": {
                "psr-4": {
                    "Zend\\Diactoros\\": "src/"
                }
            },
            "notification-url": "https://packagist.org/downloads/",
            "license": [
                "BSD-2-Clause"
            ],
            "description": "PSR HTTP Message implementations",
            "homepage": "https://github.com/zendframework/zend-diactoros",
            "keywords": [
                "http",
                "psr",
                "psr-7"
            ],
            "time": "2017-04-12 19:29:56"
        }
    ],
    "packages-dev": [
        {
            "name": "nette/tester",
            "version": "v1.7.1",
            "source": {
                "type": "git",
                "url": "https://github.com/nette/tester.git",
                "reference": "d97534578e8cf66eabe081e7d5eaa4dd527ab0c8"
            },
            "dist": {
                "type": "zip",
                "url": "https://api.github.com/repos/nette/tester/zipball/d97534578e8cf66eabe081e7d5eaa4dd527ab0c8",
                "reference": "d97534578e8cf66eabe081e7d5eaa4dd527ab0c8",
                "shasum": ""
            },
            "require": {
                "php": ">=5.3.0"
            },
            "bin": [
                "src/tester"
            ],
            "type": "library",
            "extra": {
                "branch-alias": {
                    "dev-master": "1.7-dev"
                }
            },
            "autoload": {
                "classmap": [
                    "src/"
                ]
            },
            "notification-url": "https://packagist.org/downloads/",
            "license": [
                "BSD-3-Clause",
                "GPL-2.0",
                "GPL-3.0"
            ],
            "authors": [
                {
                    "name": "David Grudl",
                    "homepage": "https://davidgrudl.com"
                },
                {
                    "name": "Nette Community",
                    "homepage": "https://nette.org/contributors"
                }
            ],
            "description": "An easy-to-use PHP unit testing framework.",
            "homepage": "https://tester.nette.org",
            "keywords": [
                "nette",
                "testing",
                "unit"
            ],
            "time": "2016-03-19 14:34:02"
        }
    ],
    "aliases": [],
    "minimum-stability": "dev",
    "stability-flags": [],
    "prefer-stable": false,
    "prefer-lowest": false,
    "platform": {
        "php": ">=7.0",
        "ext-curl": "*",
        "ext-zip": "*",
        "ext-zlib": "*"
    },
    "platform-dev": []
}
